
Microsoft Visual Studio Solution File, Format Version 12.00
Project("{FAE04EC0-301F-11D3-BF4B-00C04F79EFBC}") = "orleans-client", "orleans-client\orleans-client.csproj", "{81796002-7A6E-40EA-B0D0-3C64031DEA38}"
EndProject
Project("{FAE04EC0-301F-11D3-BF4B-00C04F79EFBC}") = "orleans-server", "orleans-server\orleans-server.csproj", "{6C9AFBC0-BDBD-4572-99A4-ECAB7DB91444}"
EndProject
Project("{FAE04EC0-301F-11D3-BF4B-00C04F79EFBC}") = "orleans-grains", "orleans-grains\orleans-grains.csproj", "{8E127420-2BD5-4639-8BBA-BD52F6849725}"
EndProject
Global
	GlobalSection(SolutionConfigurationPlatforms) = preSolution
		Debug|Any CPU = Debug|Any CPU
		Release|Any CPU = Release|Any CPU
	EndGlobalSection
	GlobalSection(ProjectConfigurationPlatforms) = postSolution
		{81796002-7A6E-40EA-B0D0-3C64031DEA38}.Debug|Any CPU.ActiveCfg = Debug|Any CPU
		{81796002-7A6E-40EA-B0D0-3C64031DEA38}.Debug|Any CPU.Build.0 = Debug|Any CPU
		{81796002-7A6E-40EA-B0D0-3C64031DEA38}.Release|Any CPU.ActiveCfg = Release|Any CPU
		{81796002-7A6E-40EA-B0D0-3C64031DEA38}.Release|Any CPU.Build.0 = Release|Any CPU
		{6C9AFBC0-BDBD-4572-99A4-ECAB7DB91444}.Debug|Any CPU.ActiveCfg = Debug|Any CPU
		{6C9AFBC0-BDBD-4572-99A4-ECAB7DB91444}.Debug|Any CPU.Build.0 = Debug|Any CPU
		{6C9AFBC0-BDBD-4572-99A4-ECAB7DB91444}.Release|Any CPU.ActiveCfg = Release|Any CPU
		{6C9AFBC0-BDBD-4572-99A4-ECAB7DB91444}.Release|Any CPU.Build.0 = Release|Any CPU
		{8E127420-2BD5-4639-8BBA-BD52F6849725}.Debug|Any CPU.ActiveCfg = Debug|Any CPU
		{8E127420-2BD5-4639-8BBA-BD52F6849725}.Debug|Any CPU.Build.0 = Debug|Any CPU
		{8E127420-2BD5-4639-8BBA-BD52F6849725}.Release|Any CPU.ActiveCfg = Release|Any CPU
		{8E127420-2BD5-4639-8BBA-BD52F6849725}.Release|Any CPU.Build.0 = Release|Any CPU
	EndGlobalSection
	GlobalSection(NestedProjects) = preSolution
	EndGlobalSection
EndGlobal
